
Microsoft Visual Studio Solution File, Format Version 12.00
# Visual Studio Version 17
VisualStudioVersion = 17.14.36930.0 d17.14
MinimumVisualStudioVersion = 10.0.40219.1
Project("{FAE04EC0-301F-11D3-BF4B-00C04F79EFBC}") = "ProductCRUDrazorWithPostgresql", "ProductCRUDrazorWithPostgresql.csproj", "{F1E64016-6E36-AA87-AE66-5CA468B2612B}"
EndProject
Global
	GlobalSection(SolutionConfigurationPlatforms) = preSolution
		Debug|Any CPU = Debug|Any CPU
		Release|Any CPU = Release|Any CPU
	EndGlobalSection
	GlobalSection(ProjectConfigurationPlatforms) = postSolution
		{F1E64016-6E36-AA87-AE66-5CA468B2612B}.Debug|Any CPU.ActiveCfg = Debug|Any CPU
		{F1E64016-6E36-AA87-AE66-5CA468B2612B}.Debug|Any CPU.Build.0 = Debug|Any CPU
		{F1E64016-6E36-AA87-AE66-5CA468B2612B}.Release|Any CPU.ActiveCfg = Release|Any CPU
		{F1E64016-6E36-AA87-AE66-5CA468B2612B}.Release|Any CPU.Build.0 = Release|Any CPU
	EndGlobalSection
	GlobalSection(SolutionProperties) = preSolution
		HideSolutionNode = FALSE
	EndGlobalSection
	GlobalSection(ExtensibilityGlobals) = postSolution
		SolutionGuid = {AA628FC8-3F32-4D15-B236-C605A4E156FF}
	EndGlobalSection
EndGlobal
